// !$*UTF8*$!
{
	archiveVersion = 1;
	classes = {
	};
	objectVersion = 50;
	objects = {

/* Begin PBXBuildFile section */
		931A487B27691A46008031FC /* AppDelegate.swift in Sources */ = {isa = PBXBuildFile; fileRef = 931A487A27691A46008031FC /* AppDelegate.swift */; };
		931A487D27691A46008031FC /* SceneDelegate.swift in Sources */ = {isa = PBXBuildFile; fileRef = 931A487C27691A46008031FC /* SceneDelegate.swift */; };
		931A487F27691A46008031FC /* ViewController.swift in Sources */ = {isa = PBXBuildFile; fileRef = 931A487E27691A46008031FC /* ViewController.swift */; };
		931A488227691A46008031FC /* Main.storyboard in Resources */ = {isa = PBXBuildFile; fileRef = 931A488027691A46008031FC /* Main.storyboard */; };
		931A488427691A49008031FC /* Assets.xcassets in Resources */ = {isa = PBXBuildFile; fileRef = 931A488327691A49008031FC /* Assets.xcassets */; };
		931A488727691A49008031FC /* LaunchScreen.storyboard in Resources */ = {isa = PBXBuildFile; fileRef = 931A488527691A49008031FC /* LaunchScreen.storyboard */; };
		9FD514F0276C10AE0093BE6A /* ChangiOSTests.swift in Sources */ = {isa = PBXBuildFile; fileRef = 9FD514EF276C10AE0093BE6A /* ChangiOSTests.swift */; };
/* End PBXBuildFile section */

/* Begin PBXContainerItemProxy section */
		9FD514F2276C10AE0093BE6A /* PBXContainerItemProxy */ = {
			isa = PBXContainerItemProxy;
			containerPortal = 931A486F27691A46008031FC /* Project object */;
			proxyType = 1;
			remoteGlobalIDString = 931A487627691A46008031FC;
			remoteInfo = ChangiOS;
		};
/* End PBXContainerItemProxy section */

/* Begin PBXFileReference section */
		931A487727691A46008031FC /* ChangiOS.app */ = {isa = PBXFileReference; explicitFileType = wrapper.application; includeInIndex = 0; path = ChangiOS.app; sourceTree = BUILT_PRODUCTS_DIR; };
		931A487A27691A46008031FC /* AppDelegate.swift */ = {isa = PBXFileReference; lastKnownFileType = sourcecode.swift; path = AppDelegate.swift; sourceTree = "<group>"; };
		931A487C27691A46008031FC /* SceneDelegate.swift */ = {isa = PBXFileReference; lastKnownFileType = sourcecode.swift; path = SceneDelegate.swift; sourceTree = "<group>"; };
		931A487E27691A46008031FC /* ViewController.swift */ = {isa = PBXFileReference; lastKnownFileType = sourcecode.swift; path = ViewController.swift; sourceTree = "<group>"; };
		931A488127691A46008031FC /* Base */ = {isa = PBXFileReference; lastKnownFileType = file.storyboard; name = Base; path = Base.lproj/Main.storyboard; sourceTree = "<group>"; };
		931A488327691A49008031FC /* Assets.xcassets */ = {isa = PBXFileReference; lastKnownFileType = folder.assetcatalog; path = Assets.xcassets; sourceTree = "<group>"; };
		931A488627691A49008031FC /* Base */ = {isa = PBXFileReference; lastKnownFileType = file.storyboard; name = Base; path = Base.lproj/LaunchScreen.storyboard; sourceTree = "<group>"; };
		931A488827691A49008031FC /* Info.plist */ = {isa = PBXFileReference; lastKnownFileType = text.plist.xml; path = Info.plist; sourceTree = "<group>"; };
		9FD514ED276C10AE0093BE6A /* ChangiOSTests.xctest */ = {isa = PBXFileReference; explicitFileType = wrapper.cfbundle; includeInIndex = 0; path = ChangiOSTests.xctest; sourceTree = BUILT_PRODUCTS_DIR; };
		9FD514EF276C10AE0093BE6A /* ChangiOSTests.swift */ = {isa = PBXFileReference; lastKnownFileType = sourcecode.swift; path = ChangiOSTests.swift; sourceTree = "<group>"; };
		9FD514F1276C10AE0093BE6A /* Info.plist */ = {isa = PBXFileReference; lastKnownFileType = text.plist.xml; path = Info.plist; sourceTree = "<group>"; };
/* End PBXFileReference section */

/* Begin PBXFrameworksBuildPhase section */
		931A487427691A46008031FC /* Frameworks */ = {
			isa = PBXFrameworksBuildPhase;
			buildActionMask = 2147483647;
			files = (
			);
			runOnlyForDeploymentPostprocessing = 0;
		};
		9FD514EA276C10AE0093BE6A /* Frameworks */ = {
			isa = PBXFrameworksBuildPhase;
			buildActionMask = 2147483647;
			files = (
			);
			runOnlyForDeploymentPostprocessing = 0;
		};
/* End PBXFrameworksBuildPhase section */

/* Begin PBXGroup section */
		931A486E27691A46008031FC = {
			isa = PBXGroup;
			children = (
				931A487927691A46008031FC /* ChangiOS */,
				9FD514EE276C10AE0093BE6A /* ChangiOSTests */,
				931A487827691A46008031FC /* Products */,
			);
			sourceTree = "<group>";
		};
		931A487827691A46008031FC /* Products */ = {
			isa = PBXGroup;
			children = (
				931A487727691A46008031FC /* ChangiOS.app */,
				9FD514ED276C10AE0093BE6A /* ChangiOSTests.xctest */,
			);
			name = Products;
			sourceTree = "<group>";
		};
		931A487927691A46008031FC /* ChangiOS */ = {
			isa = PBXGroup;
			children = (
				931A487A27691A46008031FC /* AppDelegate.swift */,
				931A487C27691A46008031FC /* SceneDelegate.swift */,
				931A487E27691A46008031FC /* ViewController.swift */,
				931A488027691A46008031FC /* Main.storyboard */,
				931A488327691A49008031FC /* Assets.xcassets */,
				931A488527691A49008031FC /* LaunchScreen.storyboard */,
				931A488827691A49008031FC /* Info.plist */,
			);
			path = ChangiOS;
			sourceTree = "<group>";
		};
		9FD514EE276C10AE0093BE6A /* ChangiOSTests */ = {
			isa = PBXGroup;
			children = (
				9FD514EF276C10AE0093BE6A /* ChangiOSTests.swift */,
				9FD514F1276C10AE0093BE6A /* Info.plist */,
			);
			path = ChangiOSTests;
			sourceTree = "<group>";
		};
/* End PBXGroup section */

/* Begin PBXNativeTarget section */
		931A487627691A46008031FC /* ChangiOS */ = {
			isa = PBXNativeTarget;
			buildConfigurationList = 931A488B27691A49008031FC /* Build configuration list for PBXNativeTarget "ChangiOS" */;
			buildPhases = (
				931A487327691A46008031FC /* Sources */,
				931A487427691A46008031FC /* Frameworks */,
				931A487527691A46008031FC /* Resources */,
			);
			buildRules = (
			);
			dependencies = (
			);
			name = ChangiOS;
			productName = ChangiOS;
			productReference = 931A487727691A46008031FC /* ChangiOS.app */;
			productType = "com.apple.product-type.application";
		};
		9FD514EC276C10AE0093BE6A /* ChangiOSTests */ = {
			isa = PBXNativeTarget;
			buildConfigurationList = 9FD514F6276C10AE0093BE6A /* Build configuration list for PBXNativeTarget "ChangiOSTests" */;
			buildPhases = (
				9FD514E9276C10AE0093BE6A /* Sources */,
				9FD514EA276C10AE0093BE6A /* Frameworks */,
				9FD514EB276C10AE0093BE6A /* Resources */,
			);
			buildRules = (
			);
			dependencies = (
				9FD514F3276C10AE0093BE6A /* PBXTargetDependency */,
			);
			name = ChangiOSTests;
			productName = ChangiOSTests;
			productReference = 9FD514ED276C10AE0093BE6A /* ChangiOSTests.xctest */;
			productType = "com.apple.product-type.bundle.unit-test";
		};
/* End PBXNativeTarget section */

/* Begin PBXProject section */
		931A486F27691A46008031FC /* Project object */ = {
			isa = PBXProject;
			attributes = {
				LastSwiftUpdateCheck = 1200;
				LastUpgradeCheck = 1200;
				TargetAttributes = {
					931A487627691A46008031FC = {
						CreatedOnToolsVersion = 12.0;
					};
					9FD514EC276C10AE0093BE6A = {
						CreatedOnToolsVersion = 12.0;
						TestTargetID = 931A487627691A46008031FC;
					};
				};
			};
			buildConfigurationList = 931A487227691A46008031FC /* Build configuration list for PBXProject "ChangiOS" */;
			compatibilityVersion = "Xcode 9.3";
			developmentRegion = en;
			hasScannedForEncodings = 0;
			knownRegions = (
				en,
				Base,
			);
			mainGroup = 931A486E27691A46008031FC;
			productRefGroup = 931A487827691A46008031FC /* Products */;
			projectDirPath = "";
			projectRoot = "";
			targets = (
				931A487627691A46008031FC /* ChangiOS */,
				9FD514EC276C10AE0093BE6A /* ChangiOSTests */,
			);
		};
/* End PBXProject section */

/* Begin PBXResourcesBuildPhase section */
		931A487527691A46008031FC /* Resources */ = {
			isa = PBXResourcesBuildPhase;
			buildActionMask = 2147483647;
			files = (
				931A488727691A49008031FC /* LaunchScreen.storyboard in Resources */,
				931A488427691A49008031FC /* Assets.xcassets in Resources */,
				931A488227691A46008031FC /* Main.storyboard in Resources */,
			);
			runOnlyForDeploymentPostprocessing = 0;
		};
		9FD514EB276C10AE0093BE6A /* Resources */ = {
			isa = PBXResourcesBuildPhase;
			buildActionMask = 2147483647;
			files = (
			);
			runOnlyForDeploymentPostprocessing = 0;
		};
/* End PBXResourcesBuildPhase section */

/* Begin PBXSourcesBuildPhase section */
		931A487327691A46008031FC /* Sources */ = {
			isa = PBXSourcesBuildPhase;
			buildActionMask = 2147483647;
			files = (
				931A487F27691A46008031FC /* ViewController.swift in Sources */,
				931A487B27691A46008031FC /* AppDelegate.swift in Sources */,
				931A487D27691A46008031FC /* SceneDelegate.swift in Sources */,
			);
			runOnlyForDeploymentPostprocessing = 0;
		};
		9FD514E9276C10AE0093BE6A /* Sources */ = {
			isa = PBXSourcesBuildPhase;
			buildActionMask = 2147483647;
			files = (
				9FD514F0276C10AE0093BE6A /* ChangiOSTests.swift in Sources */,
			);
			runOnlyForDeploymentPostprocessing = 0;
		};
/* End PBXSourcesBuildPhase section */

/* Begin PBXTargetDependency section */
		9FD514F3276C10AE0093BE6A /* PBXTargetDependency */ = {
			isa = PBXTargetDependency;
			target = 931A487627691A46008031FC /* ChangiOS */;
			targetProxy = 9FD514F2276C10AE0093BE6A /* PBXContainerItemProxy */;
		};
/* End PBXTargetDependency section */

/* Begin PBXVariantGroup section */
		931A488027691A46008031FC /* Main.storyboard */ = {
			isa = PBXVariantGroup;
			children = (
				931A488127691A46008031FC /* Base */,
			);
			name = Main.storyboard;
			sourceTree = "<group>";
		};
		931A488527691A49008031FC /* LaunchScreen.storyboard */ = {
			isa = PBXVariantGroup;
			children = (
				931A488627691A49008031FC /* Base */,
			);
			name = LaunchScreen.storyboard;
			sourceTree = "<group>";
		};
/* End PBXVariantGroup section */

/* Begin XCBuildConfiguration section */
		931A488927691A49008031FC /* Debug */ = {
			isa = XCBuildConfiguration;
			buildSettings = {
				ALWAYS_SEARCH_USER_PATHS = NO;
				CLANG_ANALYZER_NONNULL = YES;
				CLANG_ANALYZER_NUMBER_OBJECT_CONVERSION = YES_AGGRESSIVE;
				CLANG_CXX_LANGUAGE_STANDARD = "gnu++14";
				CLANG_CXX_LIBRARY = "libc++";
				CLANG_ENABLE_MODULES = YES;
				CLANG_ENABLE_OBJC_ARC = YES;
				CLANG_ENABLE_OBJC_WEAK = YES;
				CLANG_WARN_BLOCK_CAPTURE_AUTORELEASING = YES;
				CLANG_WARN_BOOL_CONVERSION = YES;
				CLANG_WARN_COMMA = YES;
				CLANG_WARN_CONSTANT_CONVERSION = YES;
				CLANG_WARN_DEPRECATED_OBJC_IMPLEMENTATIONS = YES;
				CLANG_WARN_DIRECT_OBJC_ISA_USAGE = YES_ERROR;
				CLANG_WARN_DOCUMENTATION_COMMENTS = YES;
				CLANG_WARN_EMPTY_BODY = YES;
				CLANG_WARN_ENUM_CONVERSION = YES;
				CLANG_WARN_INFINITE_RECURSION = YES;
				CLANG_WARN_INT_CONVERSION = YES;
				CLANG_WARN_NON_LITERAL_NULL_CONVERSION = YES;
				CLANG_WARN_OBJC_IMPLICIT_RETAIN_SELF = YES;
				CLANG_WARN_OBJC_LITERAL_CONVERSION = YES;
				CLANG_WARN_OBJC_ROOT_CLASS = YES_ERROR;
				CLANG_WARN_QUOTED_INCLUDE_IN_FRAMEWORK_HEADER = YES;
				CLANG_WARN_RANGE_LOOP_ANALYSIS = YES;
				CLANG_WARN_STRICT_PROTOTYPES = YES;
				CLANG_WARN_SUSPICIOUS_MOVE = YES;
				CLANG_WARN_UNGUARDED_AVAILABILITY = YES_AGGRESSIVE;
				CLANG_WARN_UNREACHABLE_CODE = YES;
				CLANG_WARN__DUPLICATE_METHOD_MATCH = YES;
				COPY_PHASE_STRIP = NO;
				DEBUG_INFORMATION_FORMAT = dwarf;
				ENABLE_STRICT_OBJC_MSGSEND = YES;
				ENABLE_TESTABILITY = YES;
				GCC_C_LANGUAGE_STANDARD = gnu11;
				GCC_DYNAMIC_NO_PIC = NO;
				GCC_NO_COMMON_BLOCKS = YES;
				GCC_OPTIMIZATION_LEVEL = 0;
				GCC_PREPROCESSOR_DEFINITIONS = (
					"DEBUG=1",
					"$(inherited)",
				);
				GCC_WARN_64_TO_32_BIT_CONVERSION = YES;
				GCC_WARN_ABOUT_RETURN_TYPE = YES_ERROR;
				GCC_WARN_UNDECLARED_SELECTOR = YES;
				GCC_WARN_UNINITIALIZED_AUTOS = YES_AGGRESSIVE;
				GCC_WARN_UNUSED_FUNCTION = YES;
				GCC_WARN_UNUSED_VARIABLE = YES;
				IPHONEOS_DEPLOYMENT_TARGET = 13.0;
				MTL_ENABLE_DEBUG_INFO = INCLUDE_SOURCE;
				MTL_FAST_MATH = YES;
				ONLY_ACTIVE_ARCH = YES;
				SDKROOT = iphoneos;
				SWIFT_ACTIVE_COMPILATION_CONDITIONS = DEBUG;
				SWIFT_OPTIMIZATION_LEVEL = "-Onone";
			};
			name = Debug;
		};
		931A488A27691A49008031FC /* Release */ = {
			isa = XCBuildConfiguration;
			buildSettings = {
				ALWAYS_SEARCH_USER_PATHS = NO;
				CLANG_ANALYZER_NONNULL = YES;
				CLANG_ANALYZER_NUMBER_OBJECT_CONVERSION = YES_AGGRESSIVE;
				CLANG_CXX_LANGUAGE_STANDARD = "gnu++14";
				CLANG_CXX_LIBRARY = "libc++";
				CLANG_ENABLE_MODULES = YES;
				CLANG_ENABLE_OBJC_ARC = YES;
				CLANG_ENABLE_OBJC_WEAK = YES;
				CLANG_WARN_BLOCK_CAPTURE_AUTORELEASING = YES;
				CLANG_WARN_BOOL_CONVERSION = YES;
				CLANG_WARN_COMMA = YES;
				CLANG_WARN_CONSTANT_CONVERSION = YES;
				CLANG_WARN_DEPRECATED_OBJC_IMPLEMENTATIONS = YES;
				CLANG_WARN_DIRECT_OBJC_ISA_USAGE = YES_ERROR;
				CLANG_WARN_DOCUMENTATION_COMMENTS = YES;
				CLANG_WARN_EMPTY_BODY = YES;
				CLANG_WARN_ENUM_CONVERSION = YES;
				CLANG_WARN_INFINITE_RECURSION = YES;
				CLANG_WARN_INT_CONVERSION = YES;
				CLANG_WARN_NON_LITERAL_NULL_CONVERSION = YES;
				CLANG_WARN_OBJC_IMPLICIT_RETAIN_SELF = YES;
				CLANG_WARN_OBJC_LITERAL_CONVERSION = YES;
				CLANG_WARN_OBJC_ROOT_CLASS = YES_ERROR;
				CLANG_WARN_QUOTED_INCLUDE_IN_FRAMEWORK_HEADER = YES;
				CLANG_WARN_RANGE_LOOP_ANALYSIS = YES;
				CLANG_WARN_STRICT_PROTOTYPES = YES;
				CLANG_WARN_SUSPICIOUS_MOVE = YES;
				CLANG_WARN_UNGUARDED_AVAILABILITY = YES_AGGRESSIVE;
				CLANG_WARN_UNREACHABLE_CODE = YES;
				CLANG_WARN__DUPLICATE_METHOD_MATCH = YES;
				COPY_PHASE_STRIP = NO;
				DEBUG_INFORMATION_FORMAT = "dwarf-with-dsym";
				ENABLE_NS_ASSERTIONS = NO;
				ENABLE_STRICT_OBJC_MSGSEND = YES;
				GCC_C_LANGUAGE_STANDARD = gnu11;
				GCC_NO_COMMON_BLOCKS = YES;
				GCC_WARN_64_TO_32_BIT_CONVERSION = YES;
				GCC_WARN_ABOUT_RETURN_TYPE = YES_ERROR;
				GCC_WARN_UNDECLARED_SELECTOR = YES;
				GCC_WARN_UNINITIALIZED_AUTOS = YES_AGGRESSIVE;
				GCC_WARN_UNUSED_FUNCTION = YES;
				GCC_WARN_UNUSED_VARIABLE = YES;
				IPHONEOS_DEPLOYMENT_TARGET = 13.0;
				MTL_ENABLE_DEBUG_INFO = NO;
				MTL_FAST_MATH = YES;
				SDKROOT = iphoneos;
				SWIFT_COMPILATION_MODE = wholemodule;
				SWIFT_OPTIMIZATION_LEVEL = "-O";
				VALIDATE_PRODUCT = YES;
			};
			name = Release;
		};
		931A488C27691A49008031FC /* Debug */ = {
			isa = XCBuildConfiguration;
			buildSettings = {
				ASSETCATALOG_COMPILER_APPICON_NAME = AppIcon;
				ASSETCATALOG_COMPILER_GLOBAL_ACCENT_COLOR_NAME = AccentColor;
				CODE_SIGN_STYLE = Automatic;
				DEVELOPMENT_TEAM = UMA886T354;
				INFOPLIST_FILE = ChangiOS/Info.plist;
				IPHONEOS_DEPLOYMENT_TARGET = 13.0;
				LD_RUNPATH_SEARCH_PATHS = (
					"$(inherited)",
					"@executable_path/Frameworks",
				);
				PRODUCT_BUNDLE_IDENTIFIER = com.example.ChangiOS;
				PRODUCT_NAME = "$(TARGET_NAME)";
				SWIFT_VERSION = 5.0;
				TARGETED_DEVICE_FAMILY = "1,2";
			};
			name = Debug;
		};
		931A488D27691A49008031FC /* Release */ = {
			isa = XCBuildConfiguration;
			buildSettings = {
				ASSETCATALOG_COMPILER_APPICON_NAME = AppIcon;
				ASSETCATALOG_COMPILER_GLOBAL_ACCENT_COLOR_NAME = AccentColor;
				CODE_SIGN_STYLE = Automatic;
				DEVELOPMENT_TEAM = UMA886T354;
				INFOPLIST_FILE = ChangiOS/Info.plist;
				IPHONEOS_DEPLOYMENT_TARGET = 13.0;
				LD_RUNPATH_SEARCH_PATHS = (
					"$(inherited)",
					"@executable_path/Frameworks",
				);
				PRODUCT_BUNDLE_IDENTIFIER = com.example.ChangiOS;
				PRODUCT_NAME = "$(TARGET_NAME)";
				SWIFT_VERSION = 5.0;
				TARGETED_DEVICE_FAMILY = "1,2";
			};
			name = Release;
		};
		9FD514F4276C10AE0093BE6A /* Debug */ = {
			isa = XCBuildConfiguration;
			buildSettings = {
				BUNDLE_LOADER = "$(TEST_HOST)";
				CODE_SIGN_STYLE = Automatic;
				DEVELOPMENT_TEAM = A4K8H86DK4;
				INFOPLIST_FILE = ChangiOSTests/Info.plist;
				LD_RUNPATH_SEARCH_PATHS = (
					"$(inherited)",
					"@executable_path/Frameworks",
					"@loader_path/Frameworks",
				);
				PRODUCT_BUNDLE_IDENTIFIER = com.shrutiapps.ChangiOSTests;
				PRODUCT_NAME = "$(TARGET_NAME)";
				SWIFT_VERSION = 5.0;
				TARGETED_DEVICE_FAMILY = "1,2";
				TEST_HOST = "$(BUILT_PRODUCTS_DIR)/ChangiOS.app/ChangiOS";
			};
			name = Debug;
		};
		9FD514F5276C10AE0093BE6A /* Release */ = {
			isa = XCBuildConfiguration;
			buildSettings = {
				BUNDLE_LOADER = "$(TEST_HOST)";
				CODE_SIGN_STYLE = Automatic;
				DEVELOPMENT_TEAM = A4K8H86DK4;
				INFOPLIST_FILE = ChangiOSTests/Info.plist;
				LD_RUNPATH_SEARCH_PATHS = (
					"$(inherited)",
					"@executable_path/Frameworks",
					"@loader_path/Frameworks",
				);
				PRODUCT_BUNDLE_IDENTIFIER = com.shrutiapps.ChangiOSTests;
				PRODUCT_NAME = "$(TARGET_NAME)";
				SWIFT_VERSION = 5.0;
				TARGETED_DEVICE_FAMILY = "1,2";
				TEST_HOST = "$(BUILT_PRODUCTS_DIR)/ChangiOS.app/ChangiOS";
			};
			name = Release;
		};
/* End XCBuildConfiguration section */

/* Begin XCConfigurationList section */
		931A487227691A46008031FC /* Build configuration list for PBXProject "ChangiOS" */ = {
			isa = XCConfigurationList;
			buildConfigurations = (
				931A488927691A49008031FC /* Debug */,
				931A488A27691A49008031FC /* Release */,
			);
			defaultConfigurationIsVisible = 0;
			defaultConfigurationName = Release;
		};
		931A488B27691A49008031FC /* Build configuration list for PBXNativeTarget "ChangiOS" */ = {
			isa = XCConfigurationList;
			buildConfigurations = (
				931A488C27691A49008031FC /* Debug */,
				931A488D27691A49008031FC /* Release */,
			);
			defaultConfigurationIsVisible = 0;
			defaultConfigurationName = Release;
		};
		9FD514F6276C10AE0093BE6A /* Build configuration list for PBXNativeTarget "ChangiOSTests" */ = {
			isa = XCConfigurationList;
			buildConfigurations = (
				9FD514F4276C10AE0093BE6A /* Debug */,
				9FD514F5276C10AE0093BE6A /* Release */,
			);
			defaultConfigurationIsVisible = 0;
			defaultConfigurationName = Release;
		};
/* End XCConfigurationList section */
	};
	rootObject = 931A486F27691A46008031FC /* Project object */;
}
